
Microsoft Visual Studio Solution File, Format Version 12.00
# Visual Studio Version 16
VisualStudioVersion = 16.0.30114.105
MinimumVisualStudioVersion = 10.0.40219.1
Project("{9A19103F-16F7-4668-BE54-9A1E7A4F7556}") = "R5T.D0079.X0001", "R5T.D0079.X0001\R5T.D0079.X0001.csproj", "{AF8E392C-EFF2-44D6-94EC-4F53B2C6438A}"
EndProject
Project("{2150E333-8FDC-42A3-9474-1A3956D46DE8}") = "_Dependencies", "_Dependencies", "{36234CDE-75FE-4666-8B73-694DBA289566}"
EndProject
Project("{9A19103F-16F7-4668-BE54-9A1E7A4F7556}") = "R5T.D0079.Base", "..\..\R5T.D0079\source\R5T.D0079.Base\R5T.D0079.Base.csproj", "{6A88027A-F756-42F3-AF14-090EF4FFEC1A}"
EndProject
Project("{9A19103F-16F7-4668-BE54-9A1E7A4F7556}") = "R5T.Lombardy.Base", "..\..\R5T.Lombardy.Base\source\R5T.Lombardy.Base\R5T.Lombardy.Base.csproj", "{DF0402B7-9A58-4CAB-B34D-A22B5A034BC4}"
EndProject
Project("{9A19103F-16F7-4668-BE54-9A1E7A4F7556}") = "R5T.T0040.X000", "..\..\R5T.T0040\source\R5T.T0040.X000\R5T.T0040.X000.csproj", "{41C4BB44-5353-419B-B543-17A3C9C6065B}"
EndProject
Project("{9A19103F-16F7-4668-BE54-9A1E7A4F7556}") = "R5T.T0029.Dotnet.T001", "..\..\R5T.T0029.Dotnet\source\R5T.T0029.Dotnet.T001\R5T.T0029.Dotnet.T001.csproj", "{F4DB9618-F479-4308-8D4B-197EA424EA53}"
EndProject
Project("{9A19103F-16F7-4668-BE54-9A1E7A4F7556}") = "R5T.T0039.T002", "..\..\R5T.T0039\source\R5T.T0039.T002\R5T.T0039.T002.csproj", "{E27816BC-DB56-49F6-A384-D936CFFD260B}"
EndProject
Project("{9A19103F-16F7-4668-BE54-9A1E7A4F7556}") = "R5T.Magyar", "..\..\R5T.Magyar\source\R5T.Magyar\R5T.Magyar.csproj", "{65D8B977-E587-41C3-8410-6A56E964983C}"
EndProject
Project("{9A19103F-16F7-4668-BE54-9A1E7A4F7556}") = "R5T.T0064", "..\..\R5T.T0064\source\R5T.T0064\R5T.T0064.csproj", "{303653B7-21C1-4321-BEC0-582771D7CE88}"
EndProject
Project("{9A19103F-16F7-4668-BE54-9A1E7A4F7556}") = "R5T.T0032.X0001.X002", "..\..\R5T.T0032.X0001\source\R5T.T0032.X0001.X002\R5T.T0032.X0001.X002.csproj", "{70936ACA-96E0-4423-BF59-5AABCDCF33D9}"
EndProject
Project("{9A19103F-16F7-4668-BE54-9A1E7A4F7556}") = "R5T.T0032", "..\..\R5T.T0032\source\R5T.T0032\R5T.T0032.csproj", "{77F928A9-8C0A-4DF3-9CB3-007904B21BA4}"
EndProject
Project("{9A19103F-16F7-4668-BE54-9A1E7A4F7556}") = "R5T.T0037.X001", "..\..\R5T.T0037\source\R5T.T0037.X001\R5T.T0037.X001.csproj", "{3790ACC6-2D83-42A3-8A16-2F19DC770CDC}"
EndProject
Project("{9A19103F-16F7-4668-BE54-9A1E7A4F7556}") = "R5T.T0037", "..\..\R5T.T0037\source\R5T.T0037\R5T.T0037.csproj", "{0AE26F47-7469-4AF9-B3C0-37DCE1C33A3E}"
EndProject
Project("{9A19103F-16F7-4668-BE54-9A1E7A4F7556}") = "R5T.T0041.X002", "..\..\R5T.T0041\source\R5T.T0041.X002\R5T.T0041.X002.csproj", "{BD53F758-E0D4-4C53-AC87-9777F9242685}"
EndProject
Project("{9A19103F-16F7-4668-BE54-9A1E7A4F7556}") = "R5T.Magyar.T002.X000", "..\..\R5T.Magyar\source\R5T.Magyar.T002.X000\R5T.Magyar.T002.X000.csproj", "{710C1431-33B3-4C19-82CA-BE3312A57DC5}"
EndProject
Project("{9A19103F-16F7-4668-BE54-9A1E7A4F7556}") = "R5T.Magyar.T002", "..\..\R5T.Magyar\source\R5T.Magyar.T002\R5T.Magyar.T002.csproj", "{D62B3FD3-E035-4F9B-A65A-D86C9BC52895}"
EndProject
Project("{9A19103F-16F7-4668-BE54-9A1E7A4F7556}") = "R5T.T0021.X003", "..\..\R5T.T0021\source\R5T.T0021.X003\R5T.T0021.X003.csproj", "{A2C9881B-7F21-4997-9DB8-A7101B64A0B7}"
EndProject
Project("{9A19103F-16F7-4668-BE54-9A1E7A4F7556}") = "R5T.T0021", "..\..\R5T.T0021\source\R5T.T0021\R5T.T0021.csproj", "{34D1D825-72C5-4D3B-9A58-A106E7F0736B}"
EndProject
Project("{9A19103F-16F7-4668-BE54-9A1E7A4F7556}") = "R5T.T0042.X001", "..\..\R5T.T0042\source\R5T.T0042.X001\R5T.T0042.X001.csproj", "{DAD3CE1B-E128-490D-B616-997F0729C6F9}"
EndProject
Project("{9A19103F-16F7-4668-BE54-9A1E7A4F7556}") = "R5T.T0042", "..\..\R5T.T0042\source\R5T.T0042\R5T.T0042.csproj", "{F65C3977-0608-468E-B58B-1961FBB81E36}"
EndProject
Project("{9A19103F-16F7-4668-BE54-9A1E7A4F7556}") = "R5T.T0041.X001", "..\..\R5T.T0041\source\R5T.T0041.X001\R5T.T0041.X001.csproj", "{91B35963-6E03-4311-876E-30881866FCE1}"
EndProject
Project("{9A19103F-16F7-4668-BE54-9A1E7A4F7556}") = "R5T.T0041", "..\..\R5T.T0041\source\R5T.T0041\R5T.T0041.csproj", "{9F625A0E-F18A-47C2-A165-E81DD0C7F20F}"
EndProject
Project("{9A19103F-16F7-4668-BE54-9A1E7A4F7556}") = "R5T.T0040", "..\..\R5T.T0040\source\R5T.T0040\R5T.T0040.csproj", "{B3CD95FB-21B3-4DB7-A719-352EE69D1139}"
EndProject
Global
	GlobalSection(SolutionConfigurationPlatforms) = preSolution
		Debug|Any CPU = Debug|Any CPU
		Debug|x64 = Debug|x64
		Debug|x86 = Debug|x86
		Release|Any CPU = Release|Any CPU
		Release|x64 = Release|x64
		Release|x86 = Release|x86
	EndGlobalSection
	GlobalSection(ProjectConfigurationPlatforms) = postSolution
		{AF8E392C-EFF2-44D6-94EC-4F53B2C6438A}.Debug|Any CPU.ActiveCfg = Debug|Any CPU
		{AF8E392C-EFF2-44D6-94EC-4F53B2C6438A}.Debug|Any CPU.Build.0 = Debug|Any CPU
		{AF8E392C-EFF2-44D6-94EC-4F53B2C6438A}.Debug|x64.ActiveCfg = Debug|Any CPU
		{AF8E392C-EFF2-44D6-94EC-4F53B2C6438A}.Debug|x64.Build.0 = Debug|Any CPU
		{AF8E392C-EFF2-44D6-94EC-4F53B2C6438A}.Debug|x86.ActiveCfg = Debug|Any CPU
		{AF8E392C-EFF2-44D6-94EC-4F53B2C6438A}.Debug|x86.Build.0 = Debug|Any CPU
		{AF8E392C-EFF2-44D6-94EC-4F53B2C6438A}.Release|Any CPU.ActiveCfg = Release|Any CPU
		{AF8E392C-EFF2-44D6-94EC-4F53B2C6438A}.Release|Any CPU.Build.0 = Release|Any CPU
		{AF8E392C-EFF2-44D6-94EC-4F53B2C6438A}.Release|x64.ActiveCfg = Release|Any CPU
		{AF8E392C-EFF2-44D6-94EC-4F53B2C6438A}.Release|x64.Build.0 = Release|Any CPU
		{AF8E392C-EFF2-44D6-94EC-4F53B2C6438A}.Release|x86.ActiveCfg = Release|Any CPU
		{AF8E392C-EFF2-44D6-94EC-4F53B2C6438A}.Release|x86.Build.0 = Release|Any CPU
		{6A88027A-F756-42F3-AF14-090EF4FFEC1A}.Debug|Any CPU.ActiveCfg = Debug|Any CPU
		{6A88027A-F756-42F3-AF14-090EF4FFEC1A}.Debug|Any CPU.Build.0 = Debug|Any CPU
		{6A88027A-F756-42F3-AF14-090EF4FFEC1A}.Debug|x64.ActiveCfg = Debug|Any CPU
		{6A88027A-F756-42F3-AF14-090EF4FFEC1A}.Debug|x64.Build.0 = Debug|Any CPU
		{6A88027A-F756-42F3-AF14-090EF4FFEC1A}.Debug|x86.ActiveCfg = Debug|Any CPU
		{6A88027A-F756-42F3-AF14-090EF4FFEC1A}.Debug|x86.Build.0 = Debug|Any CPU
		{6A88027A-F756-42F3-AF14-090EF4FFEC1A}.Release|Any CPU.ActiveCfg = Release|Any CPU
		{6A88027A-F756-42F3-AF14-090EF4FFEC1A}.Release|Any CPU.Build.0 = Release|Any CPU
		{6A88027A-F756-42F3-AF14-090EF4FFEC1A}.Release|x64.ActiveCfg = Release|Any CPU
		{6A88027A-F756-42F3-AF14-090EF4FFEC1A}.Release|x64.Build.0 = Release|Any CPU
		{6A88027A-F756-42F3-AF14-090EF4FFEC1A}.Release|x86.ActiveCfg = Release|Any CPU
		{6A88027A-F756-42F3-AF14-090EF4FFEC1A}.Release|x86.Build.0 = Release|Any CPU
		{DF0402B7-9A58-4CAB-B34D-A22B5A034BC4}.Debug|Any CPU.ActiveCfg = Debug|Any CPU
		{DF0402B7-9A58-4CAB-B34D-A22B5A034BC4}.Debug|Any CPU.Build.0 = Debug|Any CPU
		{DF0402B7-9A58-4CAB-B34D-A22B5A034BC4}.Debug|x64.ActiveCfg = Debug|Any CPU
		{DF0402B7-9A58-4CAB-B34D-A22B5A034BC4}.Debug|x64.Build.0 = Debug|Any CPU
		{DF0402B7-9A58-4CAB-B34D-A22B5A034BC4}.Debug|x86.ActiveCfg = Debug|Any CPU
		{DF0402B7-9A58-4CAB-B34D-A22B5A034BC4}.Debug|x86.Build.0 = Debug|Any CPU
		{DF0402B7-9A58-4CAB-B34D-A22B5A034BC4}.Release|Any CPU.ActiveCfg = Release|Any CPU
		{DF0402B7-9A58-4CAB-B34D-A22B5A034BC4}.Release|Any CPU.Build.0 = Release|Any CPU
		{DF0402B7-9A58-4CAB-B34D-A22B5A034BC4}.Release|x64.ActiveCfg = Release|Any CPU
		{DF0402B7-9A58-4CAB-B34D-A22B5A034BC4}.Release|x64.Build.0 = Release|Any CPU
		{DF0402B7-9A58-4CAB-B34D-A22B5A034BC4}.Release|x86.ActiveCfg = Release|Any CPU
		{DF0402B7-9A58-4CAB-B34D-A22B5A034BC4}.Release|x86.Build.0 = Release|Any CPU
		{41C4BB44-5353-419B-B543-17A3C9C6065B}.Debug|Any CPU.ActiveCfg = Debug|Any CPU
		{41C4BB44-5353-419B-B543-17A3C9C6065B}.Debug|Any CPU.Build.0 = Debug|Any CPU
		{41C4BB44-5353-419B-B543-17A3C9C6065B}.Debug|x64.ActiveCfg = Debug|Any CPU
		{41C4BB44-5353-419B-B543-17A3C9C6065B}.Debug|x64.Build.0 = Debug|Any CPU
		{41C4BB44-5353-419B-B543-17A3C9C6065B}.Debug|x86.ActiveCfg = Debug|Any CPU
		{41C4BB44-5353-419B-B543-17A3C9C6065B}.Debug|x86.Build.0 = Debug|Any CPU
		{41C4BB44-5353-419B-B543-17A3C9C6065B}.Release|Any CPU.ActiveCfg = Release|Any CPU
		{41C4BB44-5353-419B-B543-17A3C9C6065B}.Release|Any CPU.Build.0 = Release|Any CPU
		{41C4BB44-5353-419B-B543-17A3C9C6065B}.Release|x64.ActiveCfg = Release|Any CPU
		{41C4BB44-5353-419B-B543-17A3C9C6065B}.Release|x64.Build.0 = Release|Any CPU
		{41C4BB44-5353-419B-B543-17A3C9C6065B}.Release|x86.ActiveCfg = Release|Any CPU
		{41C4BB44-5353-419B-B543-17A3C9C6065B}.Release|x86.Build.0 = Release|Any CPU
		{F4DB9618-F479-4308-8D4B-197EA424EA53}.Debug|Any CPU.ActiveCfg = Debug|Any CPU
		{F4DB9618-F479-4308-8D4B-197EA424EA53}.Debug|Any CPU.Build.0 = Debug|Any CPU
		{F4DB9618-F479-4308-8D4B-197EA424EA53}.Debug|x64.ActiveCfg = Debug|Any CPU
		{F4DB9618-F479-4308-8D4B-197EA424EA53}.Debug|x64.Build.0 = Debug|Any CPU
		{F4DB9618-F479-4308-8D4B-197EA424EA53}.Debug|x86.ActiveCfg = Debug|Any CPU
		{F4DB9618-F479-4308-8D4B-197EA424EA53}.Debug|x86.Build.0 = Debug|Any CPU
		{F4DB9618-F479-4308-8D4B-197EA424EA53}.Release|Any CPU.ActiveCfg = Release|Any CPU
		{F4DB9618-F479-4308-8D4B-197EA424EA53}.Release|Any CPU.Build.0 = Release|Any CPU
		{F4DB9618-F479-4308-8D4B-197EA424EA53}.Release|x64.ActiveCfg = Release|Any CPU
		{F4DB9618-F479-4308-8D4B-197EA424EA53}.Release|x64.Build.0 = Release|Any CPU
		{F4DB9618-F479-4308-8D4B-197EA424EA53}.Release|x86.ActiveCfg = Release|Any CPU
		{F4DB9618-F479-4308-8D4B-197EA424EA53}.Release|x86.Build.0 = Release|Any CPU
		{E27816BC-DB56-49F6-A384-D936CFFD260B}.Debug|Any CPU.ActiveCfg = Debug|Any CPU
		{E27816BC-DB56-49F6-A384-D936CFFD260B}.Debug|Any CPU.Build.0 = Debug|Any CPU
		{E27816BC-DB56-49F6-A384-D936CFFD260B}.Debug|x64.ActiveCfg = Debug|Any CPU
		{E27816BC-DB56-49F6-A384-D936CFFD260B}.Debug|x64.Build.0 = Debug|Any CPU
		{E27816BC-DB56-49F6-A384-D936CFFD260B}.Debug|x86.ActiveCfg = Debug|Any CPU
		{E27816BC-DB56-49F6-A384-D936CFFD260B}.Debug|x86.Build.0 = Debug|Any CPU
		{E27816BC-DB56-49F6-A384-D936CFFD260B}.Release|Any CPU.ActiveCfg = Release|Any CPU
		{E27816BC-DB56-49F6-A384-D936CFFD260B}.Release|Any CPU.Build.0 = Release|Any CPU
		{E27816BC-DB56-49F6-A384-D936CFFD260B}.Release|x64.ActiveCfg = Release|Any CPU
		{E27816BC-DB56-49F6-A384-D936CFFD260B}.Release|x64.Build.0 = Release|Any CPU
		{E27816BC-DB56-49F6-A384-D936CFFD260B}.Release|x86.ActiveCfg = Release|Any CPU
		{E27816BC-DB56-49F6-A384-D936CFFD260B}.Release|x86.Build.0 = Release|Any CPU
		{65D8B977-E587-41C3-8410-6A56E964983C}.Debug|Any CPU.ActiveCfg = Debug|Any CPU
		{65D8B977-E587-41C3-8410-6A56E964983C}.Debug|Any CPU.Build.0 = Debug|Any CPU
		{65D8B977-E587-41C3-8410-6A56E964983C}.Debug|x64.ActiveCfg = Debug|Any CPU
		{65D8B977-E587-41C3-8410-6A56E964983C}.Debug|x64.Build.0 = Debug|Any CPU
		{65D8B977-E587-41C3-8410-6A56E964983C}.Debug|x86.ActiveCfg = Debug|Any CPU
		{65D8B977-E587-41C3-8410-6A56E964983C}.Debug|x86.Build.0 = Debug|Any CPU
		{65D8B977-E587-41C3-8410-6A56E964983C}.Release|Any CPU.ActiveCfg = Release|Any CPU
		{65D8B977-E587-41C3-8410-6A56E964983C}.Release|Any CPU.Build.0 = Release|Any CPU
		{65D8B977-E587-41C3-8410-6A56E964983C}.Release|x64.ActiveCfg = Release|Any CPU
		{65D8B977-E587-41C3-8410-6A56E964983C}.Release|x64.Build.0 = Release|Any CPU
		{65D8B977-E587-41C3-8410-6A56E964983C}.Release|x86.ActiveCfg = Release|Any CPU
		{65D8B977-E587-41C3-8410-6A56E964983C}.Release|x86.Build.0 = Release|Any CPU
		{303653B7-21C1-4321-BEC0-582771D7CE88}.Debug|Any CPU.ActiveCfg = Debug|Any CPU
		{303653B7-21C1-4321-BEC0-582771D7CE88}.Debug|Any CPU.Build.0 = Debug|Any CPU
		{303653B7-21C1-4321-BEC0-582771D7CE88}.Debug|x64.ActiveCfg = Debug|Any CPU
		{303653B7-21C1-4321-BEC0-582771D7CE88}.Debug|x64.Build.0 = Debug|Any CPU
		{303653B7-21C1-4321-BEC0-582771D7CE88}.Debug|x86.ActiveCfg = Debug|Any CPU
		{303653B7-21C1-4321-BEC0-582771D7CE88}.Debug|x86.Build.0 = Debug|Any CPU
		{303653B7-21C1-4321-BEC0-582771D7CE88}.Release|Any CPU.ActiveCfg = Release|Any CPU
		{303653B7-21C1-4321-BEC0-582771D7CE88}.Release|Any CPU.Build.0 = Release|Any CPU
		{303653B7-21C1-4321-BEC0-582771D7CE88}.Release|x64.ActiveCfg = Release|Any CPU
		{303653B7-21C1-4321-BEC0-582771D7CE88}.Release|x64.Build.0 = Release|Any CPU
		{303653B7-21C1-4321-BEC0-582771D7CE88}.Release|x86.ActiveCfg = Release|Any CPU
		{303653B7-21C1-4321-BEC0-582771D7CE88}.Release|x86.Build.0 = Release|Any CPU
		{70936ACA-96E0-4423-BF59-5AABCDCF33D9}.Debug|Any CPU.ActiveCfg = Debug|Any CPU
		{70936ACA-96E0-4423-BF59-5AABCDCF33D9}.Debug|Any CPU.Build.0 = Debug|Any CPU
		{70936ACA-96E0-4423-BF59-5AABCDCF33D9}.Debug|x64.ActiveCfg = Debug|Any CPU
		{70936ACA-96E0-4423-BF59-5AABCDCF33D9}.Debug|x64.Build.0 = Debug|Any CPU
		{70936ACA-96E0-4423-BF59-5AABCDCF33D9}.Debug|x86.ActiveCfg = Debug|Any CPU
		{70936ACA-96E0-4423-BF59-5AABCDCF33D9}.Debug|x86.Build.0 = Debug|Any CPU
		{70936ACA-96E0-4423-BF59-5AABCDCF33D9}.Release|Any CPU.ActiveCfg = Release|Any CPU
		{70936ACA-96E0-4423-BF59-5AABCDCF33D9}.Release|Any CPU.Build.0 = Release|Any CPU
		{70936ACA-96E0-4423-BF59-5AABCDCF33D9}.Release|x64.ActiveCfg = Release|Any CPU
		{70936ACA-96E0-4423-BF59-5AABCDCF33D9}.Release|x64.Build.0 = Release|Any CPU
		{70936ACA-96E0-4423-BF59-5AABCDCF33D9}.Release|x86.ActiveCfg = Release|Any CPU
		{70936ACA-96E0-4423-BF59-5AABCDCF33D9}.Release|x86.Build.0 = Release|Any CPU
		{77F928A9-8C0A-4DF3-9CB3-007904B21BA4}.Debug|Any CPU.ActiveCfg = Debug|Any CPU
		{77F928A9-8C0A-4DF3-9CB3-007904B21BA4}.Debug|Any CPU.Build.0 = Debug|Any CPU
		{77F928A9-8C0A-4DF3-9CB3-007904B21BA4}.Debug|x64.ActiveCfg = Debug|Any CPU
		{77F928A9-8C0A-4DF3-9CB3-007904B21BA4}.Debug|x64.Build.0 = Debug|Any CPU
		{77F928A9-8C0A-4DF3-9CB3-007904B21BA4}.Debug|x86.ActiveCfg = Debug|Any CPU
		{77F928A9-8C0A-4DF3-9CB3-007904B21BA4}.Debug|x86.Build.0 = Debug|Any CPU
		{77F928A9-8C0A-4DF3-9CB3-007904B21BA4}.Release|Any CPU.ActiveCfg = Release|Any CPU
		{77F928A9-8C0A-4DF3-9CB3-007904B21BA4}.Release|Any CPU.Build.0 = Release|Any CPU
		{77F928A9-8C0A-4DF3-9CB3-007904B21BA4}.Release|x64.ActiveCfg = Release|Any CPU
		{77F928A9-8C0A-4DF3-9CB3-007904B21BA4}.Release|x64.Build.0 = Release|Any CPU
		{77F928A9-8C0A-4DF3-9CB3-007904B21BA4}.Release|x86.ActiveCfg = Release|Any CPU
		{77F928A9-8C0A-4DF3-9CB3-007904B21BA4}.Release|x86.Build.0 = Release|Any CPU
		{3790ACC6-2D83-42A3-8A16-2F19DC770CDC}.Debug|Any CPU.ActiveCfg = Debug|Any CPU
		{3790ACC6-2D83-42A3-8A16-2F19DC770CDC}.Debug|Any CPU.Build.0 = Debug|Any CPU
		{3790ACC6-2D83-42A3-8A16-2F19DC770CDC}.Debug|x64.ActiveCfg = Debug|Any CPU
		{3790ACC6-2D83-42A3-8A16-2F19DC770CDC}.Debug|x64.Build.0 = Debug|Any CPU
		{3790ACC6-2D83-42A3-8A16-2F19DC770CDC}.Debug|x86.ActiveCfg = Debug|Any CPU
		{3790ACC6-2D83-42A3-8A16-2F19DC770CDC}.Debug|x86.Build.0 = Debug|Any CPU
		{3790ACC6-2D83-42A3-8A16-2F19DC770CDC}.Release|Any CPU.ActiveCfg = Release|Any CPU
		{3790ACC6-2D83-42A3-8A16-2F19DC770CDC}.Release|Any CPU.Build.0 = Release|Any CPU
		{3790ACC6-2D83-42A3-8A16-2F19DC770CDC}.Release|x64.ActiveCfg = Release|Any CPU
		{3790ACC6-2D83-42A3-8A16-2F19DC770CDC}.Release|x64.Build.0 = Release|Any CPU
		{3790ACC6-2D83-42A3-8A16-2F19DC770CDC}.Release|x86.ActiveCfg = Release|Any CPU
		{3790ACC6-2D83-42A3-8A16-2F19DC770CDC}.Release|x86.Build.0 = Release|Any CPU
		{0AE26F47-7469-4AF9-B3C0-37DCE1C33A3E}.Debug|Any CPU.ActiveCfg = Debug|Any CPU
		{0AE26F47-7469-4AF9-B3C0-37DCE1C33A3E}.Debug|Any CPU.Build.0 = Debug|Any CPU
		{0AE26F47-7469-4AF9-B3C0-37DCE1C33A3E}.Debug|x64.ActiveCfg = Debug|Any CPU
		{0AE26F47-7469-4AF9-B3C0-37DCE1C33A3E}.Debug|x64.Build.0 = Debug|Any CPU
		{0AE26F47-7469-4AF9-B3C0-37DCE1C33A3E}.Debug|x86.ActiveCfg = Debug|Any CPU
		{0AE26F47-7469-4AF9-B3C0-37DCE1C33A3E}.Debug|x86.Build.0 = Debug|Any CPU
		{0AE26F47-7469-4AF9-B3C0-37DCE1C33A3E}.Release|Any CPU.ActiveCfg = Release|Any CPU
		{0AE26F47-7469-4AF9-B3C0-37DCE1C33A3E}.Release|Any CPU.Build.0 = Release|Any CPU
		{0AE26F47-7469-4AF9-B3C0-37DCE1C33A3E}.Release|x64.ActiveCfg = Release|Any CPU
		{0AE26F47-7469-4AF9-B3C0-37DCE1C33A3E}.Release|x64.Build.0 = Release|Any CPU
		{0AE26F47-7469-4AF9-B3C0-37DCE1C33A3E}.Release|x86.ActiveCfg = Release|Any CPU
		{0AE26F47-7469-4AF9-B3C0-37DCE1C33A3E}.Release|x86.Build.0 = Release|Any CPU
		{BD53F758-E0D4-4C53-AC87-9777F9242685}.Debug|Any CPU.ActiveCfg = Debug|Any CPU
		{BD53F758-E0D4-4C53-AC87-9777F9242685}.Debug|Any CPU.Build.0 = Debug|Any CPU
		{BD53F758-E0D4-4C53-AC87-9777F9242685}.Debug|x64.ActiveCfg = Debug|Any CPU
		{BD53F758-E0D4-4C53-AC87-9777F9242685}.Debug|x64.Build.0 = Debug|Any CPU
		{BD53F758-E0D4-4C53-AC87-9777F9242685}.Debug|x86.ActiveCfg = Debug|Any CPU
		{BD53F758-E0D4-4C53-AC87-9777F9242685}.Debug|x86.Build.0 = Debug|Any CPU
		{BD53F758-E0D4-4C53-AC87-9777F9242685}.Release|Any CPU.ActiveCfg = Release|Any CPU
		{BD53F758-E0D4-4C53-AC87-9777F9242685}.Release|Any CPU.Build.0 = Release|Any CPU
		{BD53F758-E0D4-4C53-AC87-9777F9242685}.Release|x64.ActiveCfg = Release|Any CPU
		{BD53F758-E0D4-4C53-AC87-9777F9242685}.Release|x64.Build.0 = Release|Any CPU
		{BD53F758-E0D4-4C53-AC87-9777F9242685}.Release|x86.ActiveCfg = Release|Any CPU
		{BD53F758-E0D4-4C53-AC87-9777F9242685}.Release|x86.Build.0 = Release|Any CPU
		{710C1431-33B3-4C19-82CA-BE3312A57DC5}.Debug|Any CPU.ActiveCfg = Debug|Any CPU
		{710C1431-33B3-4C19-82CA-BE3312A57DC5}.Debug|Any CPU.Build.0 = Debug|Any CPU
		{710C1431-33B3-4C19-82CA-BE3312A57DC5}.Debug|x64.ActiveCfg = Debug|Any CPU
		{710C1431-33B3-4C19-82CA-BE3312A57DC5}.Debug|x64.Build.0 = Debug|Any CPU
		{710C1431-33B3-4C19-82CA-BE3312A57DC5}.Debug|x86.ActiveCfg = Debug|Any CPU
		{710C1431-33B3-4C19-82CA-BE3312A57DC5}.Debug|x86.Build.0 = Debug|Any CPU
		{710C1431-33B3-4C19-82CA-BE3312A57DC5}.Release|Any CPU.ActiveCfg = Release|Any CPU
		{710C1431-33B3-4C19-82CA-BE3312A57DC5}.Release|Any CPU.Build.0 = Release|Any CPU
		{710C1431-33B3-4C19-82CA-BE3312A57DC5}.Release|x64.ActiveCfg = Release|Any CPU
		{710C1431-33B3-4C19-82CA-BE3312A57DC5}.Release|x64.Build.0 = Release|Any CPU
		{710C1431-33B3-4C19-82CA-BE3312A57DC5}.Release|x86.ActiveCfg = Release|Any CPU
		{710C1431-33B3-4C19-82CA-BE3312A57DC5}.Release|x86.Build.0 = Release|Any CPU
		{D62B3FD3-E035-4F9B-A65A-D86C9BC52895}.Debug|Any CPU.ActiveCfg = Debug|Any CPU
		{D62B3FD3-E035-4F9B-A65A-D86C9BC52895}.Debug|Any CPU.Build.0 = Debug|Any CPU
		{D62B3FD3-E035-4F9B-A65A-D86C9BC52895}.Debug|x64.ActiveCfg = Debug|Any CPU
		{D62B3FD3-E035-4F9B-A65A-D86C9BC52895}.Debug|x64.Build.0 = Debug|Any CPU
		{D62B3FD3-E035-4F9B-A65A-D86C9BC52895}.Debug|x86.ActiveCfg = Debug|Any CPU
		{D62B3FD3-E035-4F9B-A65A-D86C9BC52895}.Debug|x86.Build.0 = Debug|Any CPU
		{D62B3FD3-E035-4F9B-A65A-D86C9BC52895}.Release|Any CPU.ActiveCfg = Release|Any CPU
		{D62B3FD3-E035-4F9B-A65A-D86C9BC52895}.Release|Any CPU.Build.0 = Release|Any CPU
		{D62B3FD3-E035-4F9B-A65A-D86C9BC52895}.Release|x64.ActiveCfg = Release|Any CPU
		{D62B3FD3-E035-4F9B-A65A-D86C9BC52895}.Release|x64.Build.0 = Release|Any CPU
		{D62B3FD3-E035-4F9B-A65A-D86C9BC52895}.Release|x86.ActiveCfg = Release|Any CPU
		{D62B3FD3-E035-4F9B-A65A-D86C9BC52895}.Release|x86.Build.0 = Release|Any CPU
		{A2C9881B-7F21-4997-9DB8-A7101B64A0B7}.Debug|Any CPU.ActiveCfg = Debug|Any CPU
		{A2C9881B-7F21-4997-9DB8-A7101B64A0B7}.Debug|Any CPU.Build.0 = Debug|Any CPU
		{A2C9881B-7F21-4997-9DB8-A7101B64A0B7}.Debug|x64.ActiveCfg = Debug|Any CPU
		{A2C9881B-7F21-4997-9DB8-A7101B64A0B7}.Debug|x64.Build.0 = Debug|Any CPU
		{A2C9881B-7F21-4997-9DB8-A7101B64A0B7}.Debug|x86.ActiveCfg = Debug|Any CPU
		{A2C9881B-7F21-4997-9DB8-A7101B64A0B7}.Debug|x86.Build.0 = Debug|Any CPU
		{A2C9881B-7F21-4997-9DB8-A7101B64A0B7}.Release|Any CPU.ActiveCfg = Release|Any CPU
		{A2C9881B-7F21-4997-9DB8-A7101B64A0B7}.Release|Any CPU.Build.0 = Release|Any CPU
		{A2C9881B-7F21-4997-9DB8-A7101B64A0B7}.Release|x64.ActiveCfg = Release|Any CPU
		{A2C9881B-7F21-4997-9DB8-A7101B64A0B7}.Release|x64.Build.0 = Release|Any CPU
		{A2C9881B-7F21-4997-9DB8-A7101B64A0B7}.Release|x86.ActiveCfg = Release|Any CPU
		{A2C9881B-7F21-4997-9DB8-A7101B64A0B7}.Release|x86.Build.0 = Release|Any CPU
		{34D1D825-72C5-4D3B-9A58-A106E7F0736B}.Debug|Any CPU.ActiveCfg = Debug|Any CPU
		{34D1D825-72C5-4D3B-9A58-A106E7F0736B}.Debug|Any CPU.Build.0 = Debug|Any CPU
		{34D1D825-72C5-4D3B-9A58-A106E7F0736B}.Debug|x64.ActiveCfg = Debug|Any CPU
		{34D1D825-72C5-4D3B-9A58-A106E7F0736B}.Debug|x64.Build.0 = Debug|Any CPU
		{34D1D825-72C5-4D3B-9A58-A106E7F0736B}.Debug|x86.ActiveCfg = Debug|Any CPU
		{34D1D825-72C5-4D3B-9A58-A106E7F0736B}.Debug|x86.Build.0 = Debug|Any CPU
		{34D1D825-72C5-4D3B-9A58-A106E7F0736B}.Release|Any CPU.ActiveCfg = Release|Any CPU
		{34D1D825-72C5-4D3B-9A58-A106E7F0736B}.Release|Any CPU.Build.0 = Release|Any CPU
		{34D1D825-72C5-4D3B-9A58-A106E7F0736B}.Release|x64.ActiveCfg = Release|Any CPU
		{34D1D825-72C5-4D3B-9A58-A106E7F0736B}.Release|x64.Build.0 = Release|Any CPU
		{34D1D825-72C5-4D3B-9A58-A106E7F0736B}.Release|x86.ActiveCfg = Release|Any CPU
		{34D1D825-72C5-4D3B-9A58-A106E7F0736B}.Release|x86.Build.0 = Release|Any CPU
		{DAD3CE1B-E128-490D-B616-997F0729C6F9}.Debug|Any CPU.ActiveCfg = Debug|Any CPU
		{DAD3CE1B-E128-490D-B616-997F0729C6F9}.Debug|Any CPU.Build.0 = Debug|Any CPU
		{DAD3CE1B-E128-490D-B616-997F0729C6F9}.Debug|x64.ActiveCfg = Debug|Any CPU
		{DAD3CE1B-E128-490D-B616-997F0729C6F9}.Debug|x64.Build.0 = Debug|Any CPU
		{DAD3CE1B-E128-490D-B616-997F0729C6F9}.Debug|x86.ActiveCfg = Debug|Any CPU
		{DAD3CE1B-E128-490D-B616-997F0729C6F9}.Debug|x86.Build.0 = Debug|Any CPU
		{DAD3CE1B-E128-490D-B616-997F0729C6F9}.Release|Any CPU.ActiveCfg = Release|Any CPU
		{DAD3CE1B-E128-490D-B616-997F0729C6F9}.Release|Any CPU.Build.0 = Release|Any CPU
		{DAD3CE1B-E128-490D-B616-997F0729C6F9}.Release|x64.ActiveCfg = Release|Any CPU
		{DAD3CE1B-E128-490D-B616-997F0729C6F9}.Release|x64.Build.0 = Release|Any CPU
		{DAD3CE1B-E128-490D-B616-997F0729C6F9}.Release|x86.ActiveCfg = Release|Any CPU
		{DAD3CE1B-E128-490D-B616-997F0729C6F9}.Release|x86.Build.0 = Release|Any CPU
		{F65C3977-0608-468E-B58B-1961FBB81E36}.Debug|Any CPU.ActiveCfg = Debug|Any CPU
		{F65C3977-0608-468E-B58B-1961FBB81E36}.Debug|Any CPU.Build.0 = Debug|Any CPU
		{F65C3977-0608-468E-B58B-1961FBB81E36}.Debug|x64.ActiveCfg = Debug|Any CPU
		{F65C3977-0608-468E-B58B-1961FBB81E36}.Debug|x64.Build.0 = Debug|Any CPU
		{F65C3977-0608-468E-B58B-1961FBB81E36}.Debug|x86.ActiveCfg = Debug|Any CPU
		{F65C3977-0608-468E-B58B-1961FBB81E36}.Debug|x86.Build.0 = Debug|Any CPU
		{F65C3977-0608-468E-B58B-1961FBB81E36}.Release|Any CPU.ActiveCfg = Release|Any CPU
		{F65C3977-0608-468E-B58B-1961FBB81E36}.Release|Any CPU.Build.0 = Release|Any CPU
		{F65C3977-0608-468E-B58B-1961FBB81E36}.Release|x64.ActiveCfg = Release|Any CPU
		{F65C3977-0608-468E-B58B-1961FBB81E36}.Release|x64.Build.0 = Release|Any CPU
		{F65C3977-0608-468E-B58B-1961FBB81E36}.Release|x86.ActiveCfg = Release|Any CPU
		{F65C3977-0608-468E-B58B-1961FBB81E36}.Release|x86.Build.0 = Release|Any CPU
		{91B35963-6E03-4311-876E-30881866FCE1}.Debug|Any CPU.ActiveCfg = Debug|Any CPU
		{91B35963-6E03-4311-876E-30881866FCE1}.Debug|Any CPU.Build.0 = Debug|Any CPU
		{91B35963-6E03-4311-876E-30881866FCE1}.Debug|x64.ActiveCfg = Debug|Any CPU
		{91B35963-6E03-4311-876E-30881866FCE1}.Debug|x64.Build.0 = Debug|Any CPU
		{91B35963-6E03-4311-876E-30881866FCE1}.Debug|x86.ActiveCfg = Debug|Any CPU
		{91B35963-6E03-4311-876E-30881866FCE1}.Debug|x86.Build.0 = Debug|Any CPU
		{91B35963-6E03-4311-876E-30881866FCE1}.Release|Any CPU.ActiveCfg = Release|Any CPU
		{91B35963-6E03-4311-876E-30881866FCE1}.Release|Any CPU.Build.0 = Release|Any CPU
		{91B35963-6E03-4311-876E-30881866FCE1}.Release|x64.ActiveCfg = Release|Any CPU
		{91B35963-6E03-4311-876E-30881866FCE1}.Release|x64.Build.0 = Release|Any CPU
		{91B35963-6E03-4311-876E-30881866FCE1}.Release|x86.ActiveCfg = Release|Any CPU
		{91B35963-6E03-4311-876E-30881866FCE1}.Release|x86.Build.0 = Release|Any CPU
		{9F625A0E-F18A-47C2-A165-E81DD0C7F20F}.Debug|Any CPU.ActiveCfg = Debug|Any CPU
		{9F625A0E-F18A-47C2-A165-E81DD0C7F20F}.Debug|Any CPU.Build.0 = Debug|Any CPU
		{9F625A0E-F18A-47C2-A165-E81DD0C7F20F}.Debug|x64.ActiveCfg = Debug|Any CPU
		{9F625A0E-F18A-47C2-A165-E81DD0C7F20F}.Debug|x64.Build.0 = Debug|Any CPU
		{9F625A0E-F18A-47C2-A165-E81DD0C7F20F}.Debug|x86.ActiveCfg = Debug|Any CPU
		{9F625A0E-F18A-47C2-A165-E81DD0C7F20F}.Debug|x86.Build.0 = Debug|Any CPU
		{9F625A0E-F18A-47C2-A165-E81DD0C7F20F}.Release|Any CPU.ActiveCfg = Release|Any CPU
		{9F625A0E-F18A-47C2-A165-E81DD0C7F20F}.Release|Any CPU.Build.0 = Release|Any CPU
		{9F625A0E-F18A-47C2-A165-E81DD0C7F20F}.Release|x64.ActiveCfg = Release|Any CPU
		{9F625A0E-F18A-47C2-A165-E81DD0C7F20F}.Release|x64.Build.0 = Release|Any CPU
		{9F625A0E-F18A-47C2-A165-E81DD0C7F20F}.Release|x86.ActiveCfg = Release|Any CPU
		{9F625A0E-F18A-47C2-A165-E81DD0C7F20F}.Release|x86.Build.0 = Release|Any CPU
		{B3CD95FB-21B3-4DB7-A719-352EE69D1139}.Debug|Any CPU.ActiveCfg = Debug|Any CPU
		{B3CD95FB-21B3-4DB7-A719-352EE69D1139}.Debug|Any CPU.Build.0 = Debug|Any CPU
		{B3CD95FB-21B3-4DB7-A719-352EE69D1139}.Debug|x64.ActiveCfg = Debug|Any CPU
		{B3CD95FB-21B3-4DB7-A719-352EE69D1139}.Debug|x64.Build.0 = Debug|Any CPU
		{B3CD95FB-21B3-4DB7-A719-352EE69D1139}.Debug|x86.ActiveCfg = Debug|Any CPU
		{B3CD95FB-21B3-4DB7-A719-352EE69D1139}.Debug|x86.Build.0 = Debug|Any CPU
		{B3CD95FB-21B3-4DB7-A719-352EE69D1139}.Release|Any CPU.ActiveCfg = Release|Any CPU
		{B3CD95FB-21B3-4DB7-A719-352EE69D1139}.Release|Any CPU.Build.0 = Release|Any CPU
		{B3CD95FB-21B3-4DB7-A719-352EE69D1139}.Release|x64.ActiveCfg = Release|Any CPU
		{B3CD95FB-21B3-4DB7-A719-352EE69D1139}.Release|x64.Build.0 = Release|Any CPU
		{B3CD95FB-21B3-4DB7-A719-352EE69D1139}.Release|x86.ActiveCfg = Release|Any CPU
		{B3CD95FB-21B3-4DB7-A719-352EE69D1139}.Release|x86.Build.0 = Release|Any CPU
	EndGlobalSection
	GlobalSection(SolutionProperties) = preSolution
		HideSolutionNode = FALSE
	EndGlobalSection
	GlobalSection(NestedProjects) = preSolution
		{6A88027A-F756-42F3-AF14-090EF4FFEC1A} = {36234CDE-75FE-4666-8B73-694DBA289566}
		{DF0402B7-9A58-4CAB-B34D-A22B5A034BC4} = {36234CDE-75FE-4666-8B73-694DBA289566}
		{41C4BB44-5353-419B-B543-17A3C9C6065B} = {36234CDE-75FE-4666-8B73-694DBA289566}
		{F4DB9618-F479-4308-8D4B-197EA424EA53} = {36234CDE-75FE-4666-8B73-694DBA289566}
		{E27816BC-DB56-49F6-A384-D936CFFD260B} = {36234CDE-75FE-4666-8B73-694DBA289566}
		{65D8B977-E587-41C3-8410-6A56E964983C} = {36234CDE-75FE-4666-8B73-694DBA289566}
		{303653B7-21C1-4321-BEC0-582771D7CE88} = {36234CDE-75FE-4666-8B73-694DBA289566}
		{70936ACA-96E0-4423-BF59-5AABCDCF33D9} = {36234CDE-75FE-4666-8B73-694DBA289566}
		{77F928A9-8C0A-4DF3-9CB3-007904B21BA4} = {36234CDE-75FE-4666-8B73-694DBA289566}
		{3790ACC6-2D83-42A3-8A16-2F19DC770CDC} = {36234CDE-75FE-4666-8B73-694DBA289566}
		{0AE26F47-7469-4AF9-B3C0-37DCE1C33A3E} = {36234CDE-75FE-4666-8B73-694DBA289566}
		{BD53F758-E0D4-4C53-AC87-9777F9242685} = {36234CDE-75FE-4666-8B73-694DBA289566}
		{710C1431-33B3-4C19-82CA-BE3312A57DC5} = {36234CDE-75FE-4666-8B73-694DBA289566}
		{D62B3FD3-E035-4F9B-A65A-D86C9BC52895} = {36234CDE-75FE-4666-8B73-694DBA289566}
		{A2C9881B-7F21-4997-9DB8-A7101B64A0B7} = {36234CDE-75FE-4666-8B73-694DBA289566}
		{34D1D825-72C5-4D3B-9A58-A106E7F0736B} = {36234CDE-75FE-4666-8B73-694DBA289566}
		{DAD3CE1B-E128-490D-B616-997F0729C6F9} = {36234CDE-75FE-4666-8B73-694DBA289566}
		{F65C3977-0608-468E-B58B-1961FBB81E36} = {36234CDE-75FE-4666-8B73-694DBA289566}
		{91B35963-6E03-4311-876E-30881866FCE1} = {36234CDE-75FE-4666-8B73-694DBA289566}
		{9F625A0E-F18A-47C2-A165-E81DD0C7F20F} = {36234CDE-75FE-4666-8B73-694DBA289566}
		{B3CD95FB-21B3-4DB7-A719-352EE69D1139} = {36234CDE-75FE-4666-8B73-694DBA289566}
	EndGlobalSection
	GlobalSection(ExtensibilityGlobals) = postSolution
		SolutionGuid = {A67F5776-C66F-4701-87AC-FFF064AB53F5}
	EndGlobalSection
EndGlobal
